
Microsoft Visual Studio Solution File, Format Version 12.00
# Visual Studio Version 17
VisualStudioVersion = 17.8.34511.84
MinimumVisualStudioVersion = 10.0.40219.1
Project("{FAE04EC0-301F-11D3-BF4B-00C04F79EFBC}") = "Biblioteca", "Biblioteca\Biblioteca.csproj", "{4DDAE974-C12F-4C1F-96A6-A0CF60322B32}"
EndProject
Global
	GlobalSection(SolutionConfigurationPlatforms) = preSolution
		Debug|Any CPU = Debug|Any CPU
		Release|Any CPU = Release|Any CPU
	EndGlobalSection
	GlobalSection(ProjectConfigurationPlatforms) = postSolution
		{4DDAE974-C12F-4C1F-96A6-A0CF60322B32}.Debug|Any CPU.ActiveCfg = Debug|Any CPU
		{4DDAE974-C12F-4C1F-96A6-A0CF60322B32}.Debug|Any CPU.Build.0 = Debug|Any CPU
		{4DDAE974-C12F-4C1F-96A6-A0CF60322B32}.Release|Any CPU.ActiveCfg = Release|Any CPU
		{4DDAE974-C12F-4C1F-96A6-A0CF60322B32}.Release|Any CPU.Build.0 = Release|Any CPU
	EndGlobalSection
	GlobalSection(SolutionProperties) = preSolution
		HideSolutionNode = FALSE
	EndGlobalSection
	GlobalSection(ExtensibilityGlobals) = postSolution
		SolutionGuid = {7A7CF4D6-6E4C-4F72-A9F2-42D7B234962F}
	EndGlobalSection
EndGlobal
